
Microsoft Visual Studio Solution File, Format Version 12.00
# Visual Studio Version 17
VisualStudioVersion = 17.0.31717.71
MinimumVisualStudioVersion = 10.0.40219.1
Project("{FAE04EC0-301F-11D3-BF4B-00C04F79EFBC}") = "CalculadoraIMC", "CalculadoraIMC\CalculadoraIMC.csproj", "{BBCC253F-EE4C-4DB8-8F9A-482C9F18A2EC}"
EndProject
Global
	GlobalSection(SolutionConfigurationPlatforms) = preSolution
		Debug|Any CPU = Debug|Any CPU
		Release|Any CPU = Release|Any CPU
	EndGlobalSection
	GlobalSection(ProjectConfigurationPlatforms) = postSolution
		{BBCC253F-EE4C-4DB8-8F9A-482C9F18A2EC}.Debug|Any CPU.ActiveCfg = Debug|Any CPU
		{BBCC253F-EE4C-4DB8-8F9A-482C9F18A2EC}.Debug|Any CPU.Build.0 = Debug|Any CPU
		{BBCC253F-EE4C-4DB8-8F9A-482C9F18A2EC}.Release|Any CPU.ActiveCfg = Release|Any CPU
		{BBCC253F-EE4C-4DB8-8F9A-482C9F18A2EC}.Release|Any CPU.Build.0 = Release|Any CPU
	EndGlobalSection
	GlobalSection(SolutionProperties) = preSolution
		HideSolutionNode = FALSE
	EndGlobalSection
	GlobalSection(ExtensibilityGlobals) = postSolution
		SolutionGuid = {5DFA5B84-91B5-4824-BC8A-AF190A5DEDE3}
	EndGlobalSection
EndGlobal
